
Microsoft Visual Studio Solution File, Format Version 12.00
# Visual Studio Version 17
VisualStudioVersion = 17.8.34316.72
MinimumVisualStudioVersion = 10.0.40219.1
Project("{9A19103F-16F7-4668-BE54-9A1E7A4F7556}") = "proyectofinalMVC", "proyectofinalMVC\proyectofinalMVC.csproj", "{FFB74F9A-A21A-446F-9799-D64EBB60BE44}"
EndProject
Project("{9A19103F-16F7-4668-BE54-9A1E7A4F7556}") = "proyectofinalMVC.Datos", "proyectofinalMVC.Datos\proyectofinalMVC.Datos.csproj", "{F95285C2-C1AB-4EE8-9F05-331DE0D4FAC7}"
EndProject
Project("{9A19103F-16F7-4668-BE54-9A1E7A4F7556}") = "proyectofinalMVC.Negocios", "proyectofinalMVC.Negocios\proyectofinalMVC.Negocios.csproj", "{99555924-F389-4A7A-BD6B-365D72277753}"
EndProject
Global
	GlobalSection(SolutionConfigurationPlatforms) = preSolution
		Debug|Any CPU = Debug|Any CPU
		Release|Any CPU = Release|Any CPU
	EndGlobalSection
	GlobalSection(ProjectConfigurationPlatforms) = postSolution
		{FFB74F9A-A21A-446F-9799-D64EBB60BE44}.Debug|Any CPU.ActiveCfg = Debug|Any CPU
		{FFB74F9A-A21A-446F-9799-D64EBB60BE44}.Debug|Any CPU.Build.0 = Debug|Any CPU
		{FFB74F9A-A21A-446F-9799-D64EBB60BE44}.Release|Any CPU.ActiveCfg = Release|Any CPU
		{FFB74F9A-A21A-446F-9799-D64EBB60BE44}.Release|Any CPU.Build.0 = Release|Any CPU
		{F95285C2-C1AB-4EE8-9F05-331DE0D4FAC7}.Debug|Any CPU.ActiveCfg = Debug|Any CPU
		{F95285C2-C1AB-4EE8-9F05-331DE0D4FAC7}.Debug|Any CPU.Build.0 = Debug|Any CPU
		{F95285C2-C1AB-4EE8-9F05-331DE0D4FAC7}.Release|Any CPU.ActiveCfg = Release|Any CPU
		{F95285C2-C1AB-4EE8-9F05-331DE0D4FAC7}.Release|Any CPU.Build.0 = Release|Any CPU
		{99555924-F389-4A7A-BD6B-365D72277753}.Debug|Any CPU.ActiveCfg = Debug|Any CPU
		{99555924-F389-4A7A-BD6B-365D72277753}.Debug|Any CPU.Build.0 = Debug|Any CPU
		{99555924-F389-4A7A-BD6B-365D72277753}.Release|Any CPU.ActiveCfg = Release|Any CPU
		{99555924-F389-4A7A-BD6B-365D72277753}.Release|Any CPU.Build.0 = Release|Any CPU
	EndGlobalSection
	GlobalSection(SolutionProperties) = preSolution
		HideSolutionNode = FALSE
	EndGlobalSection
	GlobalSection(ExtensibilityGlobals) = postSolution
		SolutionGuid = {99420BE8-8333-4F72-B02C-F6B313F448A8}
	EndGlobalSection
EndGlobal
